
Microsoft Visual Studio Solution File, Format Version 11.00
# Visual Studio 2010
Project("{FAE04EC0-301F-11D3-BF4B-00C04F79EFBC}") = "2D MonsterForest2.0", "Assembly-CSharp.csproj", "{C614BB2A-2CA5-9A02-2088-840B8C14C5A7}"
EndProject
Project("{FAE04EC0-301F-11D3-BF4B-00C04F79EFBC}") = "2D MonsterForest2.0", "Assembly-CSharp-Editor.csproj", "{5CC61133-DFCC-BC75-42FD-B16C7BA7C610}"
EndProject
Global
	GlobalSection(SolutionConfigurationPlatforms) = preSolution
		Debug|Any CPU = Debug|Any CPU
		Release|Any CPU = Release|Any CPU
	EndGlobalSection
	GlobalSection(ProjectConfigurationPlatforms) = postSolution
		{C614BB2A-2CA5-9A02-2088-840B8C14C5A7}.Debug|Any CPU.ActiveCfg = Debug|Any CPU
		{C614BB2A-2CA5-9A02-2088-840B8C14C5A7}.Debug|Any CPU.Build.0 = Debug|Any CPU
		{C614BB2A-2CA5-9A02-2088-840B8C14C5A7}.Release|Any CPU.ActiveCfg = Release|Any CPU
		{C614BB2A-2CA5-9A02-2088-840B8C14C5A7}.Release|Any CPU.Build.0 = Release|Any CPU
		{5CC61133-DFCC-BC75-42FD-B16C7BA7C610}.Debug|Any CPU.ActiveCfg = Debug|Any CPU
		{5CC61133-DFCC-BC75-42FD-B16C7BA7C610}.Debug|Any CPU.Build.0 = Debug|Any CPU
		{5CC61133-DFCC-BC75-42FD-B16C7BA7C610}.Release|Any CPU.ActiveCfg = Release|Any CPU
		{5CC61133-DFCC-BC75-42FD-B16C7BA7C610}.Release|Any CPU.Build.0 = Release|Any CPU
	EndGlobalSection
	GlobalSection(SolutionProperties) = preSolution
		HideSolutionNode = FALSE
	EndGlobalSection
	GlobalSection(MonoDevelopProperties) = preSolution
		StartupItem = Assembly-CSharp.csproj
	EndGlobalSection
EndGlobal
